
Microsoft Visual Studio Solution File, Format Version 12.00
# Visual Studio Version 17
VisualStudioVersion = 17.4.33213.308
MinimumVisualStudioVersion = 10.0.40219.1
Project("{FAE04EC0-301F-11D3-BF4B-00C04F79EFBC}") = "ConsoleApp18", "ConsoleApp18\ConsoleApp18.csproj", "{52063F5C-3BDA-435A-AEA8-14C49B34E180}"
EndProject
Global
	GlobalSection(SolutionConfigurationPlatforms) = preSolution
		Debug|Any CPU = Debug|Any CPU
		Release|Any CPU = Release|Any CPU
	EndGlobalSection
	GlobalSection(ProjectConfigurationPlatforms) = postSolution
		{52063F5C-3BDA-435A-AEA8-14C49B34E180}.Debug|Any CPU.ActiveCfg = Debug|Any CPU
		{52063F5C-3BDA-435A-AEA8-14C49B34E180}.Debug|Any CPU.Build.0 = Debug|Any CPU
		{52063F5C-3BDA-435A-AEA8-14C49B34E180}.Release|Any CPU.ActiveCfg = Release|Any CPU
		{52063F5C-3BDA-435A-AEA8-14C49B34E180}.Release|Any CPU.Build.0 = Release|Any CPU
	EndGlobalSection
	GlobalSection(SolutionProperties) = preSolution
		HideSolutionNode = FALSE
	EndGlobalSection
	GlobalSection(ExtensibilityGlobals) = postSolution
		SolutionGuid = {36F750ED-80A7-498D-A768-1DD7578051D7}
	EndGlobalSection
EndGlobal
